
Microsoft Visual Studio Solution File, Format Version 12.00
# Visual Studio Version 18
VisualStudioVersion = 18.5.11716.220 stable
MinimumVisualStudioVersion = 10.0.40219.1
Project("{2150E333-8FDC-42A3-9474-1A3956D46DE8}") = "src", "src", "{0B292E4B-DA14-41C9-AE30-4953F575F302}"
EndProject
Project("{2150E333-8FDC-42A3-9474-1A3956D46DE8}") = "Module", "Module", "{3485E3C8-EBA8-42E9-9BDF-0A7AB31AE10F}"
EndProject
Project("{2150E333-8FDC-42A3-9474-1A3956D46DE8}") = "Dispatcher", "Dispatcher", "{EF8A3E11-05FE-475C-A69A-031FEDF1225D}"
EndProject
Project("{2150E333-8FDC-42A3-9474-1A3956D46DE8}") = "MllpServer", "MllpServer", "{42A5A691-AC56-46BA-A549-B540D9B2AE0D}"
EndProject
Project("{2150E333-8FDC-42A3-9474-1A3956D46DE8}") = "Core", "Core", "{67761B07-F21D-4937-9937-DE5CA262F28B}"
EndProject
Project("{FAE04EC0-301F-11D3-BF4B-00C04F79EFBC}") = "HL7Engine.Module.Dispatcher.Application", "src\Module\Dispatcher\Application\HL7Engine.Module.Dispatcher.Application.csproj", "{A620CC1E-A579-41C1-958C-74CF30F176C5}"
EndProject
Project("{FAE04EC0-301F-11D3-BF4B-00C04F79EFBC}") = "HL7Engine.Module.Dispatcher.Domain", "src\Module\Dispatcher\Domain\HL7Engine.Module.Dispatcher.Domain.csproj", "{FD3E264E-794A-4358-9A83-3987CC7A1288}"
EndProject
Project("{FAE04EC0-301F-11D3-BF4B-00C04F79EFBC}") = "HL7Engine.Module.Dispatcher.Infrastructure", "src\Module\Dispatcher\Infrastructure\HL7Engine.Module.Dispatcher.Infrastructure.csproj", "{D5D4DBA2-8B07-4776-80E1-DCCF0CF09807}"
EndProject
Project("{FAE04EC0-301F-11D3-BF4B-00C04F79EFBC}") = "HL7Engine.Module.MllpServer.Application", "src\Module\MllpServer\Application\HL7Engine.Module.MllpServer.Application.csproj", "{77602238-9F19-4B8F-B1AE-782D36925A6C}"
EndProject
Project("{FAE04EC0-301F-11D3-BF4B-00C04F79EFBC}") = "HL7Engine.Module.MllpServer.Domain", "src\Module\MllpServer\Domain\HL7Engine.Module.MllpServer.Domain.csproj", "{86A8076C-D0A9-4FA1-97D4-08C64945EC32}"
EndProject
Project("{FAE04EC0-301F-11D3-BF4B-00C04F79EFBC}") = "HL7Engine.Module.MllpServer.Infrastructure", "src\Module\MllpServer\Infrastructure\HL7Engine.Module.MllpServer.Infrastructure.csproj", "{A85A27E9-ADA9-4C82-98A1-E245825C4C33}"
EndProject
Project("{2150E333-8FDC-42A3-9474-1A3956D46DE8}") = "Parser", "Parser", "{75BFCE4A-5CB0-4AFC-A852-4C666C610964}"
EndProject
Project("{2150E333-8FDC-42A3-9474-1A3956D46DE8}") = "Validate", "Validate", "{A94EBA50-7346-446C-8835-85F16074EFC6}"
EndProject
Project("{2150E333-8FDC-42A3-9474-1A3956D46DE8}") = "Router", "Router", "{DB772B2E-A4BD-4A3E-BCBF-8EC601201769}"
EndProject
Project("{2150E333-8FDC-42A3-9474-1A3956D46DE8}") = "Tracking", "Tracking", "{0D315D9E-B3F8-4454-8320-EFBA67813D0E}"
EndProject
Project("{FAE04EC0-301F-11D3-BF4B-00C04F79EFBC}") = "HL7Engine.Module.Parser.Application", "src\Module\HL7Parser\Application\HL7Engine.Module.Parser.Application.csproj", "{BEE779E4-DE0C-4EA9-88E3-C37B47C7A4F3}"
EndProject
Project("{FAE04EC0-301F-11D3-BF4B-00C04F79EFBC}") = "HL7Engine.Module.Parser.Domain", "src\Module\HL7Parser\Domain\HL7Engine.Module.Parser.Domain.csproj", "{662DB17F-0E12-4366-9A7D-BBB604FBDC22}"
EndProject
Project("{FAE04EC0-301F-11D3-BF4B-00C04F79EFBC}") = "HL7Engine.Module.Validate.Application", "src\Module\Validate\Application\HL7Engine.Module.Validate.Application.csproj", "{CA031DB5-B5D8-4D74-B07E-D4BF4F9ADD22}"
EndProject
Project("{FAE04EC0-301F-11D3-BF4B-00C04F79EFBC}") = "HL7Engine.Module.Validate.Infrastructure", "src\Module\Validate\Infrastructure\HL7Engine.Module.Validate.Infrastructure.csproj", "{4B56C49E-09DE-4A3F-9966-AF4EBAC7A96F}"
EndProject
Project("{FAE04EC0-301F-11D3-BF4B-00C04F79EFBC}") = "HL7Engine.Module.Validate.IntegrationEvents", "src\Module\Validate\IntegrationEvents\HL7Engine.Module.Validate.IntegrationEvents.csproj", "{365EDE19-FA1A-4408-A381-DCEEE7688842}"
EndProject
Project("{FAE04EC0-301F-11D3-BF4B-00C04F79EFBC}") = "HL7Engine.Module.Dispatcher.IntegrationEvents", "src\Module\Dispatcher\IntegrationEvents\HL7Engine.Module.Dispatcher.IntegrationEvents.csproj", "{495E033C-6DCB-47CB-87C5-62AAD09C49C2}"
EndProject
Project("{FAE04EC0-301F-11D3-BF4B-00C04F79EFBC}") = "HL7Engine.Module.MllpServer.IntegrationEvents", "src\Module\MllpServer\IntegrationEvents\HL7Engine.Module.MllpServer.IntegrationEvents.csproj", "{9D910E32-C2A9-44F1-8251-BABA1E1B9514}"
EndProject
Project("{FAE04EC0-301F-11D3-BF4B-00C04F79EFBC}") = "HL7Engine.Module.Parser.Infrastructure", "src\Module\HL7Parser\Infrastructure\HL7Engine.Module.Parser.Infrastructure.csproj", "{CEB546BD-CB1B-43B0-80E3-D035BA06B691}"
EndProject
Project("{FAE04EC0-301F-11D3-BF4B-00C04F79EFBC}") = "HL7Engine.Module.Parser.IntegrationEvents", "src\Module\HL7Parser\IntegrationEvents\HL7Engine.Module.Parser.IntegrationEvents.csproj", "{F858ABC3-38DF-4874-8135-84D89E23CDFD}"
EndProject
Project("{FAE04EC0-301F-11D3-BF4B-00C04F79EFBC}") = "HL7Engine.Module.Hl7Router.Application", "src\Module\HL7Router\Application\HL7Engine.Module.Hl7Router.Application.csproj", "{041AD6CB-B4C7-40A6-8666-C80CCA481A28}"
EndProject
Project("{FAE04EC0-301F-11D3-BF4B-00C04F79EFBC}") = "HL7Engine.Module.Hl7Router.Domain", "src\Module\HL7Router\Domain\HL7Engine.Module.Hl7Router.Domain.csproj", "{8A440CAC-09AC-4AB1-8E28-A321DCCF16D0}"
EndProject
Project("{FAE04EC0-301F-11D3-BF4B-00C04F79EFBC}") = "HL7Engine.Module.Hl7Router.Infrastructure", "src\Module\HL7Router\Infrastructure\HL7Engine.Module.Hl7Router.Infrastructure.csproj", "{1478CD4A-A9F1-4B40-9069-F4EE5755EC7E}"
EndProject
Project("{FAE04EC0-301F-11D3-BF4B-00C04F79EFBC}") = "HL7Engine.Module.Hl7Router.IntegrationEvents", "src\Module\HL7Router\IntegrationEvents\HL7Engine.Module.Hl7Router.IntegrationEvents.csproj", "{F1816C6E-7DF1-4540-B748-4A89FBE5EC90}"
EndProject
Project("{2150E333-8FDC-42A3-9474-1A3956D46DE8}") = "AppHost", "AppHost", "{5DF8EC26-42DF-4F98-BE32-4C855749F978}"
EndProject
Project("{FAE04EC0-301F-11D3-BF4B-00C04F79EFBC}") = "Hl7Engine.AppHost", "src\AppHost\Hl7Engine.AppHost.csproj", "{7AC451DB-B8C7-4C37-94BE-DEBDD21AA843}"
EndProject
Project("{FAE04EC0-301F-11D3-BF4B-00C04F79EFBC}") = "Hl7Engine.Core.Application", "src\Core\Application\Hl7Engine.Core.Application.csproj", "{E78D17AB-586B-231E-2597-3969BF621874}"
EndProject
Project("{FAE04EC0-301F-11D3-BF4B-00C04F79EFBC}") = "Hl7Engine.Core.Infrastructure", "src\Core\Infrastructure\Hl7Engine.Core.Infrastructure.csproj", "{6D69B6C6-55AA-45CB-B5E6-E3DC66547BFE}"
EndProject
Project("{FAE04EC0-301F-11D3-BF4B-00C04F79EFBC}") = "HL7Engine.Module.MllpServer.Test", "src\Module\MllpServer\HL7Engine.Module.MllpServer.Test\HL7Engine.Module.MllpServer.Test.csproj", "{CC489F9B-C150-4984-B8F3-0DA2A8CED9AD}"
EndProject
Project("{FAE04EC0-301F-11D3-BF4B-00C04F79EFBC}") = "Hl7Cloud.Core.Domain", "src\Core\Domain\Hl7Cloud.Core.Domain.csproj", "{4261A20D-87DB-4422-9B0F-E2ABCAF94758}"
EndProject
Project("{FAE04EC0-301F-11D3-BF4B-00C04F79EFBC}") = "HL7Engine.Module.Validate.Domain", "src\Module\Validate\Domain\Domain\HL7Engine.Module.Validate.Domain.csproj", "{4579371A-1875-47F2-B050-CCB9CF2C3F60}"
EndProject
Project("{FAE04EC0-301F-11D3-BF4B-00C04F79EFBC}") = "HL7Engine.Module.Tracking.Application", "src\Module\Tracking\Application\HL7Engine.Module.Tracking.Application.csproj", "{108F47AE-5B50-4382-80E2-48B05D3C00D2}"
EndProject
Project("{FAE04EC0-301F-11D3-BF4B-00C04F79EFBC}") = "HL7Engine.Module.Tracking.Infrastructure", "src\Module\Tracking\Infrastructure\HL7Engine.Module.Tracking.Infrastructure.csproj", "{9CDC1AD3-457A-4AE8-A8D3-C0570E01A64E}"
EndProject
Project("{FAE04EC0-301F-11D3-BF4B-00C04F79EFBC}") = "HL7Engine.Module.Tracking.Domain", "src\Module\Tracking\Domain\HL7Engine.Module.Tracking.Domain.csproj", "{4324B669-67D6-4A95-8308-15B4BF59737B}"
EndProject
Project("{FAE04EC0-301F-11D3-BF4B-00C04F79EFBC}") = "HL7Engine.Module.Tracking.IntegrationEvents", "src\Module\Tracking\IntegrationEvents\HL7Engine.Module.Tracking.IntegrationEvents.csproj", "{262D8994-C5C3-4B9D-9110-5CE8D0C9AF79}"
EndProject
Global
	GlobalSection(SolutionConfigurationPlatforms) = preSolution
		Debug|Any CPU = Debug|Any CPU
		Release|Any CPU = Release|Any CPU
	EndGlobalSection
	GlobalSection(ProjectConfigurationPlatforms) = postSolution
		{A620CC1E-A579-41C1-958C-74CF30F176C5}.Debug|Any CPU.ActiveCfg = Debug|Any CPU
		{A620CC1E-A579-41C1-958C-74CF30F176C5}.Debug|Any CPU.Build.0 = Debug|Any CPU
		{A620CC1E-A579-41C1-958C-74CF30F176C5}.Release|Any CPU.ActiveCfg = Release|Any CPU
		{A620CC1E-A579-41C1-958C-74CF30F176C5}.Release|Any CPU.Build.0 = Release|Any CPU
		{FD3E264E-794A-4358-9A83-3987CC7A1288}.Debug|Any CPU.ActiveCfg = Debug|Any CPU
		{FD3E264E-794A-4358-9A83-3987CC7A1288}.Debug|Any CPU.Build.0 = Debug|Any CPU
		{FD3E264E-794A-4358-9A83-3987CC7A1288}.Release|Any CPU.ActiveCfg = Release|Any CPU
		{FD3E264E-794A-4358-9A83-3987CC7A1288}.Release|Any CPU.Build.0 = Release|Any CPU
		{D5D4DBA2-8B07-4776-80E1-DCCF0CF09807}.Debug|Any CPU.ActiveCfg = Debug|Any CPU
		{D5D4DBA2-8B07-4776-80E1-DCCF0CF09807}.Debug|Any CPU.Build.0 = Debug|Any CPU
		{D5D4DBA2-8B07-4776-80E1-DCCF0CF09807}.Release|Any CPU.ActiveCfg = Release|Any CPU
		{D5D4DBA2-8B07-4776-80E1-DCCF0CF09807}.Release|Any CPU.Build.0 = Release|Any CPU
		{77602238-9F19-4B8F-B1AE-782D36925A6C}.Debug|Any CPU.ActiveCfg = Debug|Any CPU
		{77602238-9F19-4B8F-B1AE-782D36925A6C}.Debug|Any CPU.Build.0 = Debug|Any CPU
		{77602238-9F19-4B8F-B1AE-782D36925A6C}.Release|Any CPU.ActiveCfg = Release|Any CPU
		{77602238-9F19-4B8F-B1AE-782D36925A6C}.Release|Any CPU.Build.0 = Release|Any CPU
		{86A8076C-D0A9-4FA1-97D4-08C64945EC32}.Debug|Any CPU.ActiveCfg = Debug|Any CPU
		{86A8076C-D0A9-4FA1-97D4-08C64945EC32}.Debug|Any CPU.Build.0 = Debug|Any CPU
		{86A8076C-D0A9-4FA1-97D4-08C64945EC32}.Release|Any CPU.ActiveCfg = Release|Any CPU
		{86A8076C-D0A9-4FA1-97D4-08C64945EC32}.Release|Any CPU.Build.0 = Release|Any CPU
		{A85A27E9-ADA9-4C82-98A1-E245825C4C33}.Debug|Any CPU.ActiveCfg = Debug|Any CPU
		{A85A27E9-ADA9-4C82-98A1-E245825C4C33}.Debug|Any CPU.Build.0 = Debug|Any CPU
		{A85A27E9-ADA9-4C82-98A1-E245825C4C33}.Release|Any CPU.ActiveCfg = Release|Any CPU
		{A85A27E9-ADA9-4C82-98A1-E245825C4C33}.Release|Any CPU.Build.0 = Release|Any CPU
		{BEE779E4-DE0C-4EA9-88E3-C37B47C7A4F3}.Debug|Any CPU.ActiveCfg = Debug|Any CPU
		{BEE779E4-DE0C-4EA9-88E3-C37B47C7A4F3}.Debug|Any CPU.Build.0 = Debug|Any CPU
		{BEE779E4-DE0C-4EA9-88E3-C37B47C7A4F3}.Release|Any CPU.ActiveCfg = Release|Any CPU
		{BEE779E4-DE0C-4EA9-88E3-C37B47C7A4F3}.Release|Any CPU.Build.0 = Release|Any CPU
		{662DB17F-0E12-4366-9A7D-BBB604FBDC22}.Debug|Any CPU.ActiveCfg = Debug|Any CPU
		{662DB17F-0E12-4366-9A7D-BBB604FBDC22}.Debug|Any CPU.Build.0 = Debug|Any CPU
		{662DB17F-0E12-4366-9A7D-BBB604FBDC22}.Release|Any CPU.ActiveCfg = Release|Any CPU
		{662DB17F-0E12-4366-9A7D-BBB604FBDC22}.Release|Any CPU.Build.0 = Release|Any CPU
		{CA031DB5-B5D8-4D74-B07E-D4BF4F9ADD22}.Debug|Any CPU.ActiveCfg = Debug|Any CPU
		{CA031DB5-B5D8-4D74-B07E-D4BF4F9ADD22}.Debug|Any CPU.Build.0 = Debug|Any CPU
		{CA031DB5-B5D8-4D74-B07E-D4BF4F9ADD22}.Release|Any CPU.ActiveCfg = Release|Any CPU
		{CA031DB5-B5D8-4D74-B07E-D4BF4F9ADD22}.Release|Any CPU.Build.0 = Release|Any CPU
		{AAAF2ED7-8682-40CC-BD1B-B0B0521E81CC}.Debug|Any CPU.ActiveCfg = Debug|Any CPU
		{AAAF2ED7-8682-40CC-BD1B-B0B0521E81CC}.Debug|Any CPU.Build.0 = Debug|Any CPU
		{AAAF2ED7-8682-40CC-BD1B-B0B0521E81CC}.Release|Any CPU.ActiveCfg = Release|Any CPU
		{AAAF2ED7-8682-40CC-BD1B-B0B0521E81CC}.Release|Any CPU.Build.0 = Release|Any CPU
		{4B56C49E-09DE-4A3F-9966-AF4EBAC7A96F}.Debug|Any CPU.ActiveCfg = Debug|Any CPU
		{4B56C49E-09DE-4A3F-9966-AF4EBAC7A96F}.Debug|Any CPU.Build.0 = Debug|Any CPU
		{4B56C49E-09DE-4A3F-9966-AF4EBAC7A96F}.Release|Any CPU.ActiveCfg = Release|Any CPU
		{4B56C49E-09DE-4A3F-9966-AF4EBAC7A96F}.Release|Any CPU.Build.0 = Release|Any CPU
		{365EDE19-FA1A-4408-A381-DCEEE7688842}.Debug|Any CPU.ActiveCfg = Debug|Any CPU
		{365EDE19-FA1A-4408-A381-DCEEE7688842}.Debug|Any CPU.Build.0 = Debug|Any CPU
		{365EDE19-FA1A-4408-A381-DCEEE7688842}.Release|Any CPU.ActiveCfg = Release|Any CPU
		{365EDE19-FA1A-4408-A381-DCEEE7688842}.Release|Any CPU.Build.0 = Release|Any CPU
		{495E033C-6DCB-47CB-87C5-62AAD09C49C2}.Debug|Any CPU.ActiveCfg = Debug|Any CPU
		{495E033C-6DCB-47CB-87C5-62AAD09C49C2}.Debug|Any CPU.Build.0 = Debug|Any CPU
		{495E033C-6DCB-47CB-87C5-62AAD09C49C2}.Release|Any CPU.ActiveCfg = Release|Any CPU
		{495E033C-6DCB-47CB-87C5-62AAD09C49C2}.Release|Any CPU.Build.0 = Release|Any CPU
		{9D910E32-C2A9-44F1-8251-BABA1E1B9514}.Debug|Any CPU.ActiveCfg = Debug|Any CPU
		{9D910E32-C2A9-44F1-8251-BABA1E1B9514}.Debug|Any CPU.Build.0 = Debug|Any CPU
		{9D910E32-C2A9-44F1-8251-BABA1E1B9514}.Release|Any CPU.ActiveCfg = Release|Any CPU
		{9D910E32-C2A9-44F1-8251-BABA1E1B9514}.Release|Any CPU.Build.0 = Release|Any CPU
		{CEB546BD-CB1B-43B0-80E3-D035BA06B691}.Debug|Any CPU.ActiveCfg = Debug|Any CPU
		{CEB546BD-CB1B-43B0-80E3-D035BA06B691}.Debug|Any CPU.Build.0 = Debug|Any CPU
		{CEB546BD-CB1B-43B0-80E3-D035BA06B691}.Release|Any CPU.ActiveCfg = Release|Any CPU
		{CEB546BD-CB1B-43B0-80E3-D035BA06B691}.Release|Any CPU.Build.0 = Release|Any CPU
		{F858ABC3-38DF-4874-8135-84D89E23CDFD}.Debug|Any CPU.ActiveCfg = Debug|Any CPU
		{F858ABC3-38DF-4874-8135-84D89E23CDFD}.Debug|Any CPU.Build.0 = Debug|Any CPU
		{F858ABC3-38DF-4874-8135-84D89E23CDFD}.Release|Any CPU.ActiveCfg = Release|Any CPU
		{F858ABC3-38DF-4874-8135-84D89E23CDFD}.Release|Any CPU.Build.0 = Release|Any CPU
		{041AD6CB-B4C7-40A6-8666-C80CCA481A28}.Debug|Any CPU.ActiveCfg = Debug|Any CPU
		{041AD6CB-B4C7-40A6-8666-C80CCA481A28}.Debug|Any CPU.Build.0 = Debug|Any CPU
		{041AD6CB-B4C7-40A6-8666-C80CCA481A28}.Release|Any CPU.ActiveCfg = Release|Any CPU
		{041AD6CB-B4C7-40A6-8666-C80CCA481A28}.Release|Any CPU.Build.0 = Release|Any CPU
		{8A440CAC-09AC-4AB1-8E28-A321DCCF16D0}.Debug|Any CPU.ActiveCfg = Debug|Any CPU
		{8A440CAC-09AC-4AB1-8E28-A321DCCF16D0}.Debug|Any CPU.Build.0 = Debug|Any CPU
		{8A440CAC-09AC-4AB1-8E28-A321DCCF16D0}.Release|Any CPU.ActiveCfg = Release|Any CPU
		{8A440CAC-09AC-4AB1-8E28-A321DCCF16D0}.Release|Any CPU.Build.0 = Release|Any CPU
		{1478CD4A-A9F1-4B40-9069-F4EE5755EC7E}.Debug|Any CPU.ActiveCfg = Debug|Any CPU
		{1478CD4A-A9F1-4B40-9069-F4EE5755EC7E}.Debug|Any CPU.Build.0 = Debug|Any CPU
		{1478CD4A-A9F1-4B40-9069-F4EE5755EC7E}.Release|Any CPU.ActiveCfg = Release|Any CPU
		{1478CD4A-A9F1-4B40-9069-F4EE5755EC7E}.Release|Any CPU.Build.0 = Release|Any CPU
		{F1816C6E-7DF1-4540-B748-4A89FBE5EC90}.Debug|Any CPU.ActiveCfg = Debug|Any CPU
		{F1816C6E-7DF1-4540-B748-4A89FBE5EC90}.Debug|Any CPU.Build.0 = Debug|Any CPU
		{F1816C6E-7DF1-4540-B748-4A89FBE5EC90}.Release|Any CPU.ActiveCfg = Release|Any CPU
		{F1816C6E-7DF1-4540-B748-4A89FBE5EC90}.Release|Any CPU.Build.0 = Release|Any CPU
		{7AC451DB-B8C7-4C37-94BE-DEBDD21AA843}.Debug|Any CPU.ActiveCfg = Debug|Any CPU
		{7AC451DB-B8C7-4C37-94BE-DEBDD21AA843}.Debug|Any CPU.Build.0 = Debug|Any CPU
		{7AC451DB-B8C7-4C37-94BE-DEBDD21AA843}.Release|Any CPU.ActiveCfg = Release|Any CPU
		{7AC451DB-B8C7-4C37-94BE-DEBDD21AA843}.Release|Any CPU.Build.0 = Release|Any CPU
		{E78D17AB-586B-231E-2597-3969BF621874}.Debug|Any CPU.ActiveCfg = Debug|Any CPU
		{E78D17AB-586B-231E-2597-3969BF621874}.Debug|Any CPU.Build.0 = Debug|Any CPU
		{E78D17AB-586B-231E-2597-3969BF621874}.Release|Any CPU.ActiveCfg = Release|Any CPU
		{E78D17AB-586B-231E-2597-3969BF621874}.Release|Any CPU.Build.0 = Release|Any CPU
		{6D69B6C6-55AA-45CB-B5E6-E3DC66547BFE}.Debug|Any CPU.ActiveCfg = Debug|Any CPU
		{6D69B6C6-55AA-45CB-B5E6-E3DC66547BFE}.Debug|Any CPU.Build.0 = Debug|Any CPU
		{6D69B6C6-55AA-45CB-B5E6-E3DC66547BFE}.Release|Any CPU.ActiveCfg = Release|Any CPU
		{6D69B6C6-55AA-45CB-B5E6-E3DC66547BFE}.Release|Any CPU.Build.0 = Release|Any CPU
		{CC489F9B-C150-4984-B8F3-0DA2A8CED9AD}.Debug|Any CPU.ActiveCfg = Debug|Any CPU
		{CC489F9B-C150-4984-B8F3-0DA2A8CED9AD}.Debug|Any CPU.Build.0 = Debug|Any CPU
		{CC489F9B-C150-4984-B8F3-0DA2A8CED9AD}.Release|Any CPU.ActiveCfg = Release|Any CPU
		{CC489F9B-C150-4984-B8F3-0DA2A8CED9AD}.Release|Any CPU.Build.0 = Release|Any CPU
		{4261A20D-87DB-4422-9B0F-E2ABCAF94758}.Debug|Any CPU.ActiveCfg = Debug|Any CPU
		{4261A20D-87DB-4422-9B0F-E2ABCAF94758}.Debug|Any CPU.Build.0 = Debug|Any CPU
		{4261A20D-87DB-4422-9B0F-E2ABCAF94758}.Release|Any CPU.ActiveCfg = Release|Any CPU
		{4261A20D-87DB-4422-9B0F-E2ABCAF94758}.Release|Any CPU.Build.0 = Release|Any CPU
		{4579371A-1875-47F2-B050-CCB9CF2C3F60}.Debug|Any CPU.ActiveCfg = Debug|Any CPU
		{4579371A-1875-47F2-B050-CCB9CF2C3F60}.Debug|Any CPU.Build.0 = Debug|Any CPU
		{4579371A-1875-47F2-B050-CCB9CF2C3F60}.Release|Any CPU.ActiveCfg = Release|Any CPU
		{4579371A-1875-47F2-B050-CCB9CF2C3F60}.Release|Any CPU.Build.0 = Release|Any CPU
		{108F47AE-5B50-4382-80E2-48B05D3C00D2}.Debug|Any CPU.ActiveCfg = Debug|Any CPU
		{108F47AE-5B50-4382-80E2-48B05D3C00D2}.Debug|Any CPU.Build.0 = Debug|Any CPU
		{108F47AE-5B50-4382-80E2-48B05D3C00D2}.Release|Any CPU.ActiveCfg = Release|Any CPU
		{108F47AE-5B50-4382-80E2-48B05D3C00D2}.Release|Any CPU.Build.0 = Release|Any CPU
		{9CDC1AD3-457A-4AE8-A8D3-C0570E01A64E}.Debug|Any CPU.ActiveCfg = Debug|Any CPU
		{9CDC1AD3-457A-4AE8-A8D3-C0570E01A64E}.Debug|Any CPU.Build.0 = Debug|Any CPU
		{9CDC1AD3-457A-4AE8-A8D3-C0570E01A64E}.Release|Any CPU.ActiveCfg = Release|Any CPU
		{9CDC1AD3-457A-4AE8-A8D3-C0570E01A64E}.Release|Any CPU.Build.0 = Release|Any CPU
		{4324B669-67D6-4A95-8308-15B4BF59737B}.Debug|Any CPU.ActiveCfg = Debug|Any CPU
		{4324B669-67D6-4A95-8308-15B4BF59737B}.Debug|Any CPU.Build.0 = Debug|Any CPU
		{4324B669-67D6-4A95-8308-15B4BF59737B}.Release|Any CPU.ActiveCfg = Release|Any CPU
		{4324B669-67D6-4A95-8308-15B4BF59737B}.Release|Any CPU.Build.0 = Release|Any CPU
		{262D8994-C5C3-4B9D-9110-5CE8D0C9AF79}.Debug|Any CPU.ActiveCfg = Debug|Any CPU
		{262D8994-C5C3-4B9D-9110-5CE8D0C9AF79}.Debug|Any CPU.Build.0 = Debug|Any CPU
		{262D8994-C5C3-4B9D-9110-5CE8D0C9AF79}.Release|Any CPU.ActiveCfg = Release|Any CPU
		{262D8994-C5C3-4B9D-9110-5CE8D0C9AF79}.Release|Any CPU.Build.0 = Release|Any CPU
	EndGlobalSection
	GlobalSection(SolutionProperties) = preSolution
		HideSolutionNode = FALSE
	EndGlobalSection
	GlobalSection(NestedProjects) = preSolution
		{3485E3C8-EBA8-42E9-9BDF-0A7AB31AE10F} = {0B292E4B-DA14-41C9-AE30-4953F575F302}
		{EF8A3E11-05FE-475C-A69A-031FEDF1225D} = {3485E3C8-EBA8-42E9-9BDF-0A7AB31AE10F}
		{42A5A691-AC56-46BA-A549-B540D9B2AE0D} = {3485E3C8-EBA8-42E9-9BDF-0A7AB31AE10F}
		{67761B07-F21D-4937-9937-DE5CA262F28B} = {0B292E4B-DA14-41C9-AE30-4953F575F302}
		{A620CC1E-A579-41C1-958C-74CF30F176C5} = {EF8A3E11-05FE-475C-A69A-031FEDF1225D}
		{FD3E264E-794A-4358-9A83-3987CC7A1288} = {EF8A3E11-05FE-475C-A69A-031FEDF1225D}
		{D5D4DBA2-8B07-4776-80E1-DCCF0CF09807} = {EF8A3E11-05FE-475C-A69A-031FEDF1225D}
		{77602238-9F19-4B8F-B1AE-782D36925A6C} = {42A5A691-AC56-46BA-A549-B540D9B2AE0D}
		{86A8076C-D0A9-4FA1-97D4-08C64945EC32} = {42A5A691-AC56-46BA-A549-B540D9B2AE0D}
		{A85A27E9-ADA9-4C82-98A1-E245825C4C33} = {42A5A691-AC56-46BA-A549-B540D9B2AE0D}
		{75BFCE4A-5CB0-4AFC-A852-4C666C610964} = {3485E3C8-EBA8-42E9-9BDF-0A7AB31AE10F}
		{A94EBA50-7346-446C-8835-85F16074EFC6} = {3485E3C8-EBA8-42E9-9BDF-0A7AB31AE10F}
		{DB772B2E-A4BD-4A3E-BCBF-8EC601201769} = {3485E3C8-EBA8-42E9-9BDF-0A7AB31AE10F}
		{0D315D9E-B3F8-4454-8320-EFBA67813D0E} = {3485E3C8-EBA8-42E9-9BDF-0A7AB31AE10F}
		{BEE779E4-DE0C-4EA9-88E3-C37B47C7A4F3} = {75BFCE4A-5CB0-4AFC-A852-4C666C610964}
		{662DB17F-0E12-4366-9A7D-BBB604FBDC22} = {75BFCE4A-5CB0-4AFC-A852-4C666C610964}
		{CA031DB5-B5D8-4D74-B07E-D4BF4F9ADD22} = {A94EBA50-7346-446C-8835-85F16074EFC6}
		{4B56C49E-09DE-4A3F-9966-AF4EBAC7A96F} = {A94EBA50-7346-446C-8835-85F16074EFC6}
		{365EDE19-FA1A-4408-A381-DCEEE7688842} = {A94EBA50-7346-446C-8835-85F16074EFC6}
		{495E033C-6DCB-47CB-87C5-62AAD09C49C2} = {EF8A3E11-05FE-475C-A69A-031FEDF1225D}
		{9D910E32-C2A9-44F1-8251-BABA1E1B9514} = {42A5A691-AC56-46BA-A549-B540D9B2AE0D}
		{CEB546BD-CB1B-43B0-80E3-D035BA06B691} = {75BFCE4A-5CB0-4AFC-A852-4C666C610964}
		{F858ABC3-38DF-4874-8135-84D89E23CDFD} = {75BFCE4A-5CB0-4AFC-A852-4C666C610964}
		{041AD6CB-B4C7-40A6-8666-C80CCA481A28} = {DB772B2E-A4BD-4A3E-BCBF-8EC601201769}
		{8A440CAC-09AC-4AB1-8E28-A321DCCF16D0} = {DB772B2E-A4BD-4A3E-BCBF-8EC601201769}
		{1478CD4A-A9F1-4B40-9069-F4EE5755EC7E} = {DB772B2E-A4BD-4A3E-BCBF-8EC601201769}
		{F1816C6E-7DF1-4540-B748-4A89FBE5EC90} = {DB772B2E-A4BD-4A3E-BCBF-8EC601201769}
		{5DF8EC26-42DF-4F98-BE32-4C855749F978} = {0B292E4B-DA14-41C9-AE30-4953F575F302}
		{7AC451DB-B8C7-4C37-94BE-DEBDD21AA843} = {5DF8EC26-42DF-4F98-BE32-4C855749F978}
		{6D69B6C6-55AA-45CB-B5E6-E3DC66547BFE} = {67761B07-F21D-4937-9937-DE5CA262F28B}
		{E78D17AB-586B-231E-2597-3969BF621874} = {67761B07-F21D-4937-9937-DE5CA262F28B}
		{CC489F9B-C150-4984-B8F3-0DA2A8CED9AD} = {42A5A691-AC56-46BA-A549-B540D9B2AE0D}
		{4261A20D-87DB-4422-9B0F-E2ABCAF94758} = {67761B07-F21D-4937-9937-DE5CA262F28B}
		{4579371A-1875-47F2-B050-CCB9CF2C3F60} = {A94EBA50-7346-446C-8835-85F16074EFC6}
		{108F47AE-5B50-4382-80E2-48B05D3C00D2} = {0D315D9E-B3F8-4454-8320-EFBA67813D0E}
		{9CDC1AD3-457A-4AE8-A8D3-C0570E01A64E} = {0D315D9E-B3F8-4454-8320-EFBA67813D0E}
		{4324B669-67D6-4A95-8308-15B4BF59737B} = {0D315D9E-B3F8-4454-8320-EFBA67813D0E}
		{262D8994-C5C3-4B9D-9110-5CE8D0C9AF79} = {0D315D9E-B3F8-4454-8320-EFBA67813D0E}
	EndGlobalSection
	GlobalSection(ExtensibilityGlobals) = postSolution
		SolutionGuid = {700CB6AA-5EFA-4F32-A1B8-B21D47454AD1}
	EndGlobalSection
EndGlobal
